{
  "name": "dynamic-pack",
  "version": "1.0.0",
  "lockfileVersion": 2,
  "requires": true,
  "packages": {
    "": {
      "version": "1.0.0",
      "license": "ISC",
      "dependencies": {
        "colors": "^1.4.0",
        "minimist": "^1.2.5"
      },
      "bin": {
        "dp": "bin/dynamic-pack",
        "dynamic-pack": "bin/dynamic-pack"
      }
    },
    "node_modules/colors": {
      "version": "1.4.0",
      "resolved": "http://192.168.1.56:8081/repository/npm-public/colors/-/colors-1.4.0.tgz",
      "integrity": "sha1-xQSRR51MG9rtLJztMs98fcI2D3g=",
      "license": "MIT",
      "engines": {
        "node": ">=0.1.90"
      }
    },
    "node_modules/minimist": {
      "version": "1.2.5",
      "resolved": "http://192.168.1.56:8081/repository/npm-public/minimist/-/minimist-1.2.5.tgz",
      "integrity": "sha1-Z9ZgFLZqaoqqDAg8X9WN9OTpdgI=",
      "license": "MIT"
    }
  },
  "dependencies": {
    "colors": {
      "version": "1.4.0",
      "resolved": "http://192.168.1.56:8081/repository/npm-public/colors/-/colors-1.4.0.tgz",
      "integrity": "sha1-xQSRR51MG9rtLJztMs98fcI2D3g="
    },
    "minimist": {
      "version": "1.2.5",
      "resolved": "http://192.168.1.56:8081/repository/npm-public/minimist/-/minimist-1.2.5.tgz",
      "integrity": "sha1-Z9ZgFLZqaoqqDAg8X9WN9OTpdgI="
    }
  }
}
