{
  "name": "dynamic-pack",
  "version": "2.1.9",
  "lockfileVersion": 2,
  "requires": true,
  "packages": {
    "": {
      "version": "2.1.9",
      "license": "ISC",
      "dependencies": {
        "colors": "^1.4.0",
        "iconv-lite": "^0.6.3",
        "minimist": "^1.2.5"
      },
      "bin": {
        "dp": "bin/dynamic-pack",
        "dynamic-pack": "bin/dynamic-pack"
      }
    },
    "node_modules/colors": {
      "version": "1.4.0",
      "resolved": "http://192.168.1.56:8081/repository/npm-public/colors/-/colors-1.4.0.tgz",
      "integrity": "sha1-xQSRR51MG9rtLJztMs98fcI2D3g=",
      "engines": {
        "node": ">=0.1.90"
      }
    },
    "node_modules/iconv-lite": {
      "version": "0.6.3",
      "resolved": "http://192.168.1.56:8081/repository/npm-public/iconv-lite/-/iconv-lite-0.6.3.tgz",
      "integrity": "sha1-pS+AvzjaGVLrXGgXkHGYcaGnJQE=",
      "license": "MIT",
      "dependencies": {
        "safer-buffer": ">= 2.1.2 < 3.0.0"
      },
      "engines": {
        "node": ">=0.10.0"
      }
    },
    "node_modules/minimist": {
      "version": "1.2.5",
      "resolved": "http://192.168.1.56:8081/repository/npm-public/minimist/-/minimist-1.2.5.tgz",
      "integrity": "sha1-Z9ZgFLZqaoqqDAg8X9WN9OTpdgI="
    },
    "node_modules/safer-buffer": {
      "version": "2.1.2",
      "resolved": "https://registry.npmjs.org/safer-buffer/-/safer-buffer-2.1.2.tgz",
      "integrity": "sha512-YZo3K82SD7Riyi0E1EQPojLz7kpepnSQI9IyPbHHg1XXXevb5dJI7tpyN2ADxGcQbHG7vcyRHk0cbwqcQriUtg=="
    }
  },
  "dependencies": {
    "colors": {
      "version": "1.4.0",
      "resolved": "http://192.168.1.56:8081/repository/npm-public/colors/-/colors-1.4.0.tgz",
      "integrity": "sha1-xQSRR51MG9rtLJztMs98fcI2D3g="
    },
    "iconv-lite": {
      "version": "0.6.3",
      "resolved": "http://192.168.1.56:8081/repository/npm-public/iconv-lite/-/iconv-lite-0.6.3.tgz",
      "integrity": "sha1-pS+AvzjaGVLrXGgXkHGYcaGnJQE=",
      "requires": {
        "safer-buffer": ">= 2.1.2 < 3.0.0"
      }
    },
    "minimist": {
      "version": "1.2.5",
      "resolved": "http://192.168.1.56:8081/repository/npm-public/minimist/-/minimist-1.2.5.tgz",
      "integrity": "sha1-Z9ZgFLZqaoqqDAg8X9WN9OTpdgI="
    },
    "safer-buffer": {
      "version": "2.1.2",
      "resolved": "https://registry.npmjs.org/safer-buffer/-/safer-buffer-2.1.2.tgz",
      "integrity": "sha512-YZo3K82SD7Riyi0E1EQPojLz7kpepnSQI9IyPbHHg1XXXevb5dJI7tpyN2ADxGcQbHG7vcyRHk0cbwqcQriUtg=="
    }
  }
}
